
Microsoft Visual Studio Solution File, Format Version 12.00
# Visual Studio Version 16
VisualStudioVersion = 16.0.30907.101
MinimumVisualStudioVersion = 10.0.40219.1
Project("{FAE04EC0-301F-11D3-BF4B-00C04F79EFBC}") = "CatalogLibra2", "CatalogLibra2\CatalogLibra2.csproj", "{810834F0-F941-47E8-BEAA-532339E06E76}"
EndProject
Project("{FAE04EC0-301F-11D3-BF4B-00C04F79EFBC}") = "CatalogCore", "CatalogCore\CatalogCore.csproj", "{E7CD6B2C-0586-469C-9187-5A710FACF5D8}"
EndProject
Global
	GlobalSection(SolutionConfigurationPlatforms) = preSolution
		Debug|Any CPU = Debug|Any CPU
		Release|Any CPU = Release|Any CPU
	EndGlobalSection
	GlobalSection(ProjectConfigurationPlatforms) = postSolution
		{810834F0-F941-47E8-BEAA-532339E06E76}.Debug|Any CPU.ActiveCfg = Debug|Any CPU
		{810834F0-F941-47E8-BEAA-532339E06E76}.Debug|Any CPU.Build.0 = Debug|Any CPU
		{810834F0-F941-47E8-BEAA-532339E06E76}.Release|Any CPU.ActiveCfg = Release|Any CPU
		{810834F0-F941-47E8-BEAA-532339E06E76}.Release|Any CPU.Build.0 = Release|Any CPU
		{E7CD6B2C-0586-469C-9187-5A710FACF5D8}.Debug|Any CPU.ActiveCfg = Debug|Any CPU
		{E7CD6B2C-0586-469C-9187-5A710FACF5D8}.Debug|Any CPU.Build.0 = Debug|Any CPU
		{E7CD6B2C-0586-469C-9187-5A710FACF5D8}.Release|Any CPU.ActiveCfg = Release|Any CPU
		{E7CD6B2C-0586-469C-9187-5A710FACF5D8}.Release|Any CPU.Build.0 = Release|Any CPU
	EndGlobalSection
	GlobalSection(SolutionProperties) = preSolution
		HideSolutionNode = FALSE
	EndGlobalSection
	GlobalSection(ExtensibilityGlobals) = postSolution
		SolutionGuid = {06867F8E-7046-40ED-8EB7-FBF7FAE48747}
	EndGlobalSection
EndGlobal
